# This file is automatically @generated by Cargo.
# It is not intended for manual editing.
version = 3

[[package]]
name = "arithmetic_slices-413-22-03-03"
version = "0.1.0"

[[package]]
name = "champagne_tower_799-22-03-03"
version = "0.1.0"

[[package]]
name = "delete_and_earn_740_22_03_05"
version = "0.1.0"
