# This file is automatically @generated by Cargo.
# It is not intended for manual editing.
version = 3

[[package]]
name = "add_two_numbers_2_22_03_11"
version = "0.1.0"

[[package]]
name = "arithmetic_slices-413-22-03-03"
version = "0.1.0"

[[package]]
name = "champagne_tower_799-22-03-03"
version = "0.1.0"

[[package]]
name = "count_all_valid_pickup_and_deliveryo_options_1359_22_03_06"
version = "0.1.0"

[[package]]
name = "delete_and_earn_740_22_03_05"
version = "0.1.0"

[[package]]
name = "merge_two_sorted_lists_21_22_03_08"
version = "0.1.0"

[[package]]
name = "plus_one_66_22_11_20"
version = "0.1.0"

[[package]]
name = "rotate_list_61_22_03_12"
version = "0.1.0"
